github.com/al-ce/go-avltree v1.1.1 h1:Tt75CW6cS7jKc8BUXgdTrslVEzNkhGDlnO02fcImwwg=
github.com/al-ce/go-avltree v1.1.1/go.mod h1:kRzlXCzV2cfnPjLPOMnk4ZZ3Z1so0gZKb/It1+E2JlA=
golang.org/x/exp v0.0.0-20241108190413-2d47ceb2692f h1:XdNn9LlyWAhLVp6P/i8QYBW+hlyhrhei9uErw2B5GJo=
golang.org/x/exp v0.0.0-20241108190413-2d47ceb2692f/go.mod h1:D5SMRVC3C2/4+F/DB1wZsLRnSNimn2Sp/NPsCrsv8ak=
